
Microsoft Visual Studio Solution File, Format Version 12.00
# Visual Studio Version 17
VisualStudioVersion = 17.8.34525.116
MinimumVisualStudioVersion = 10.0.40219.1
Project("{FAE04EC0-301F-11D3-BF4B-00C04F79EFBC}") = "TeacherManagement", "TeacherManagement\TeacherManagement.csproj", "{2EEFDAFA-F490-4891-9FD8-219301811CE6}"
EndProject
Global
	GlobalSection(SolutionConfigurationPlatforms) = preSolution
		Debug|Any CPU = Debug|Any CPU
		Release|Any CPU = Release|Any CPU
	EndGlobalSection
	GlobalSection(ProjectConfigurationPlatforms) = postSolution
		{2EEFDAFA-F490-4891-9FD8-219301811CE6}.Debug|Any CPU.ActiveCfg = Debug|Any CPU
		{2EEFDAFA-F490-4891-9FD8-219301811CE6}.Debug|Any CPU.Build.0 = Debug|Any CPU
		{2EEFDAFA-F490-4891-9FD8-219301811CE6}.Release|Any CPU.ActiveCfg = Release|Any CPU
		{2EEFDAFA-F490-4891-9FD8-219301811CE6}.Release|Any CPU.Build.0 = Release|Any CPU
	EndGlobalSection
	GlobalSection(SolutionProperties) = preSolution
		HideSolutionNode = FALSE
	EndGlobalSection
	GlobalSection(ExtensibilityGlobals) = postSolution
		SolutionGuid = {FE494D79-3621-42E8-8796-0018379D4BA0}
	EndGlobalSection
EndGlobal
